// !$*UTF8*$!
{
	archiveVersion = 1;
	classes = {
	};
	objectVersion = 46;
	objects = {

/* Begin PBXBuildFile section */
		922E170A190D7C2E0010CF1E /* EditFriendsViewController.m in Sources */ = {isa = PBXBuildFile; fileRef = 922E1709190D7C2E0010CF1E /* EditFriendsViewController.m */; };
		922E170D190D8B100010CF1E /* FriendsViewController.m in Sources */ = {isa = PBXBuildFile; fileRef = 922E170C190D8B100010CF1E /* FriendsViewController.m */; };
		922E1710190EC37B0010CF1E /* NotesViewController.m in Sources */ = {isa = PBXBuildFile; fileRef = 922E170F190EC37B0010CF1E /* NotesViewController.m */; };
		92347EFD1910098D00047060 /* RecepientsViewController.m in Sources */ = {isa = PBXBuildFile; fileRef = 92347EFC1910098D00047060 /* RecepientsViewController.m */; };
		92E6354A1905C53A00DDA6FC /* Foundation.framework in Frameworks */ = {isa = PBXBuildFile; fileRef = 92E635491905C53A00DDA6FC /* Foundation.framework */; };
		92E6354C1905C53A00DDA6FC /* CoreGraphics.framework in Frameworks */ = {isa = PBXBuildFile; fileRef = 92E6354B1905C53A00DDA6FC /* CoreGraphics.framework */; };
		92E6354E1905C53A00DDA6FC /* UIKit.framework in Frameworks */ = {isa = PBXBuildFile; fileRef = 92E6354D1905C53A00DDA6FC /* UIKit.framework */; };
		92E635541905C53A00DDA6FC /* InfoPlist.strings in Resources */ = {isa = PBXBuildFile; fileRef = 92E635521905C53A00DDA6FC /* InfoPlist.strings */; };
		92E635561905C53A00DDA6FC /* main.m in Sources */ = {isa = PBXBuildFile; fileRef = 92E635551905C53A00DDA6FC /* main.m */; };
		92E6355A1905C53A00DDA6FC /* RSAppDelegate.m in Sources */ = {isa = PBXBuildFile; fileRef = 92E635591905C53A00DDA6FC /* RSAppDelegate.m */; };
		92E6355C1905C53A00DDA6FC /* Images.xcassets in Resources */ = {isa = PBXBuildFile; fileRef = 92E6355B1905C53A00DDA6FC /* Images.xcassets */; };
		92E635631905C53A00DDA6FC /* XCTest.framework in Frameworks */ = {isa = PBXBuildFile; fileRef = 92E635621905C53A00DDA6FC /* XCTest.framework */; };
		92E635641905C53A00DDA6FC /* Foundation.framework in Frameworks */ = {isa = PBXBuildFile; fileRef = 92E635491905C53A00DDA6FC /* Foundation.framework */; };
		92E635651905C53A00DDA6FC /* UIKit.framework in Frameworks */ = {isa = PBXBuildFile; fileRef = 92E6354D1905C53A00DDA6FC /* UIKit.framework */; };
		92E6356D1905C53A00DDA6FC /* InfoPlist.strings in Resources */ = {isa = PBXBuildFile; fileRef = 92E6356B1905C53A00DDA6FC /* InfoPlist.strings */; };
		92E6356F1905C53A00DDA6FC /* HappyNotesTests.m in Sources */ = {isa = PBXBuildFile; fileRef = 92E6356E1905C53A00DDA6FC /* HappyNotesTests.m */; };
		92E635791905D0AA00DDA6FC /* MainStoryboard.storyboard in Resources */ = {isa = PBXBuildFile; fileRef = 92E635781905D0AA00DDA6FC /* MainStoryboard.storyboard */; };
		92E6357C1909EA2C00DDA6FC /* InboxViewController.m in Sources */ = {isa = PBXBuildFile; fileRef = 92E6357B1909EA2C00DDA6FC /* InboxViewController.m */; };
		92E635881909F10E00DDA6FC /* AudioToolbox.framework in Frameworks */ = {isa = PBXBuildFile; fileRef = 92E6357F1909F10E00DDA6FC /* AudioToolbox.framework */; };
		92E635891909F10E00DDA6FC /* CFNetwork.framework in Frameworks */ = {isa = PBXBuildFile; fileRef = 92E635801909F10E00DDA6FC /* CFNetwork.framework */; };
		92E6358A1909F10E00DDA6FC /* CoreLocation.framework in Frameworks */ = {isa = PBXBuildFile; fileRef = 92E635811909F10E00DDA6FC /* CoreLocation.framework */; };
		92E6358C1909F10E00DDA6FC /* MobileCoreServices.framework in Frameworks */ = {isa = PBXBuildFile; fileRef = 92E635831909F10E00DDA6FC /* MobileCoreServices.framework */; };
		92E6358D1909F10E00DDA6FC /* QuartzCore.framework in Frameworks */ = {isa = PBXBuildFile; fileRef = 92E635841909F10E00DDA6FC /* QuartzCore.framework */; };
		92E6358E1909F10E00DDA6FC /* Security.framework in Frameworks */ = {isa = PBXBuildFile; fileRef = 92E635851909F10E00DDA6FC /* Security.framework */; };
		92E6358F1909F10E00DDA6FC /* StoreKit.framework in Frameworks */ = {isa = PBXBuildFile; fileRef = 92E635861909F10E00DDA6FC /* StoreKit.framework */; };
		92E635901909F10E00DDA6FC /* SystemConfiguration.framework in Frameworks */ = {isa = PBXBuildFile; fileRef = 92E635871909F10E00DDA6FC /* SystemConfiguration.framework */; };
		92E635941909F41B00DDA6FC /* libz.1.1.3.dylib in Frameworks */ = {isa = PBXBuildFile; fileRef = 92E635931909F41B00DDA6FC /* libz.1.1.3.dylib */; };
		92E635981909F67200DDA6FC /* Parse.framework in Frameworks */ = {isa = PBXBuildFile; fileRef = 92E635971909F67200DDA6FC /* Parse.framework */; };
		92E6359B190C903400DDA6FC /* LoginViewController.m in Sources */ = {isa = PBXBuildFile; fileRef = 92E6359A190C903400DDA6FC /* LoginViewController.m */; };
		92E6359E190C908000DDA6FC /* SignUpViewController.m in Sources */ = {isa = PBXBuildFile; fileRef = 92E6359D190C908000DDA6FC /* SignUpViewController.m */; };
/* End PBXBuildFile section */

/* Begin PBXContainerItemProxy section */
		92E635661905C53A00DDA6FC /* PBXContainerItemProxy */ = {
			isa = PBXContainerItemProxy;
			containerPortal = 92E6353E1905C53A00DDA6FC /* Project object */;
			proxyType = 1;
			remoteGlobalIDString = 92E635451905C53A00DDA6FC;
			remoteInfo = HappyNotes;
		};
/* End PBXContainerItemProxy section */

/* Begin PBXFileReference section */
		922E1708190D7C2E0010CF1E /* EditFriendsViewController.h */ = {isa = PBXFileReference; fileEncoding = 4; lastKnownFileType = sourcecode.c.h; path = EditFriendsViewController.h; sourceTree = "<group>"; };
		922E1709190D7C2E0010CF1E /* EditFriendsViewController.m */ = {isa = PBXFileReference; fileEncoding = 4; lastKnownFileType = sourcecode.c.objc; path = EditFriendsViewController.m; sourceTree = "<group>"; };
		922E170B190D8B100010CF1E /* FriendsViewController.h */ = {isa = PBXFileReference; fileEncoding = 4; lastKnownFileType = sourcecode.c.h; path = FriendsViewController.h; sourceTree = "<group>"; };
		922E170C190D8B100010CF1E /* FriendsViewController.m */ = {isa = PBXFileReference; fileEncoding = 4; lastKnownFileType = sourcecode.c.objc; path = FriendsViewController.m; sourceTree = "<group>"; };
		922E170E190EC37B0010CF1E /* NotesViewController.h */ = {isa = PBXFileReference; fileEncoding = 4; lastKnownFileType = sourcecode.c.h; path = NotesViewController.h; sourceTree = "<group>"; };
		922E170F190EC37B0010CF1E /* NotesViewController.m */ = {isa = PBXFileReference; fileEncoding = 4; lastKnownFileType = sourcecode.c.objc; path = NotesViewController.m; sourceTree = "<group>"; };
		92347EFB1910098D00047060 /* RecepientsViewController.h */ = {isa = PBXFileReference; fileEncoding = 4; lastKnownFileType = sourcecode.c.h; path = RecepientsViewController.h; sourceTree = "<group>"; };
		92347EFC1910098D00047060 /* RecepientsViewController.m */ = {isa = PBXFileReference; fileEncoding = 4; lastKnownFileType = sourcecode.c.objc; path = RecepientsViewController.m; sourceTree = "<group>"; };
		92E635461905C53A00DDA6FC /* HappyNotes.app */ = {isa = PBXFileReference; explicitFileType = wrapper.application; includeInIndex = 0; path = HappyNotes.app; sourceTree = BUILT_PRODUCTS_DIR; };
		92E635491905C53A00DDA6FC /* Foundation.framework */ = {isa = PBXFileReference; lastKnownFileType = wrapper.framework; name = Foundation.framework; path = System/Library/Frameworks/Foundation.framework; sourceTree = SDKROOT; };
		92E6354B1905C53A00DDA6FC /* CoreGraphics.framework */ = {isa = PBXFileReference; lastKnownFileType = wrapper.framework; name = CoreGraphics.framework; path = System/Library/Frameworks/CoreGraphics.framework; sourceTree = SDKROOT; };
		92E6354D1905C53A00DDA6FC /* UIKit.framework */ = {isa = PBXFileReference; lastKnownFileType = wrapper.framework; name = UIKit.framework; path = System/Library/Frameworks/UIKit.framework; sourceTree = SDKROOT; };
		92E635511905C53A00DDA6FC /* HappyNotes-Info.plist */ = {isa = PBXFileReference; lastKnownFileType = text.plist.xml; path = "HappyNotes-Info.plist"; sourceTree = "<group>"; };
		92E635531905C53A00DDA6FC /* en */ = {isa = PBXFileReference; lastKnownFileType = text.plist.strings; name = en; path = en.lproj/InfoPlist.strings; sourceTree = "<group>"; };
		92E635551905C53A00DDA6FC /* main.m */ = {isa = PBXFileReference; lastKnownFileType = sourcecode.c.objc; path = main.m; sourceTree = "<group>"; };
		92E635571905C53A00DDA6FC /* HappyNotes-Prefix.pch */ = {isa = PBXFileReference; lastKnownFileType = sourcecode.c.h; path = "HappyNotes-Prefix.pch"; sourceTree = "<group>"; };
		92E635581905C53A00DDA6FC /* RSAppDelegate.h */ = {isa = PBXFileReference; lastKnownFileType = sourcecode.c.h; path = RSAppDelegate.h; sourceTree = "<group>"; };
		92E635591905C53A00DDA6FC /* RSAppDelegate.m */ = {isa = PBXFileReference; lastKnownFileType = sourcecode.c.objc; path = RSAppDelegate.m; sourceTree = "<group>"; };
		92E6355B1905C53A00DDA6FC /* Images.xcassets */ = {isa = PBXFileReference; lastKnownFileType = folder.assetcatalog; path = Images.xcassets; sourceTree = "<group>"; };
		92E635611905C53A00DDA6FC /* HappyNotesTests.xctest */ = {isa = PBXFileReference; explicitFileType = wrapper.cfbundle; includeInIndex = 0; path = HappyNotesTests.xctest; sourceTree = BUILT_PRODUCTS_DIR; };
		92E635621905C53A00DDA6FC /* XCTest.framework */ = {isa = PBXFileReference; lastKnownFileType = wrapper.framework; name = XCTest.framework; path = Library/Frameworks/XCTest.framework; sourceTree = DEVELOPER_DIR; };
		92E6356A1905C53A00DDA6FC /* HappyNotesTests-Info.plist */ = {isa = PBXFileReference; lastKnownFileType = text.plist.xml; path = "HappyNotesTests-Info.plist"; sourceTree = "<group>"; };
		92E6356C1905C53A00DDA6FC /* en */ = {isa = PBXFileReference; lastKnownFileType = text.plist.strings; name = en; path = en.lproj/InfoPlist.strings; sourceTree = "<group>"; };
		92E6356E1905C53A00DDA6FC /* HappyNotesTests.m */ = {isa = PBXFileReference; lastKnownFileType = sourcecode.c.objc; path = HappyNotesTests.m; sourceTree = "<group>"; };
		92E635781905D0AA00DDA6FC /* MainStoryboard.storyboard */ = {isa = PBXFileReference; fileEncoding = 4; lastKnownFileType = file.storyboard; path = MainStoryboard.storyboard; sourceTree = "<group>"; };
		92E6357A1909EA2C00DDA6FC /* InboxViewController.h */ = {isa = PBXFileReference; fileEncoding = 4; lastKnownFileType = sourcecode.c.h; path = InboxViewController.h; sourceTree = "<group>"; };
		92E6357B1909EA2C00DDA6FC /* InboxViewController.m */ = {isa = PBXFileReference; fileEncoding = 4; lastKnownFileType = sourcecode.c.objc; path = InboxViewController.m; sourceTree = "<group>"; };
		92E6357F1909F10E00DDA6FC /* AudioToolbox.framework */ = {isa = PBXFileReference; lastKnownFileType = wrapper.framework; name = AudioToolbox.framework; path = System/Library/Frameworks/AudioToolbox.framework; sourceTree = SDKROOT; };
		92E635801909F10E00DDA6FC /* CFNetwork.framework */ = {isa = PBXFileReference; lastKnownFileType = wrapper.framework; name = CFNetwork.framework; path = System/Library/Frameworks/CFNetwork.framework; sourceTree = SDKROOT; };
		92E635811909F10E00DDA6FC /* CoreLocation.framework */ = {isa = PBXFileReference; lastKnownFileType = wrapper.framework; name = CoreLocation.framework; path = System/Library/Frameworks/CoreLocation.framework; sourceTree = SDKROOT; };
		92E635831909F10E00DDA6FC /* MobileCoreServices.framework */ = {isa = PBXFileReference; lastKnownFileType = wrapper.framework; name = MobileCoreServices.framework; path = System/Library/Frameworks/MobileCoreServices.framework; sourceTree = SDKROOT; };
		92E635841909F10E00DDA6FC /* QuartzCore.framework */ = {isa = PBXFileReference; lastKnownFileType = wrapper.framework; name = QuartzCore.framework; path = System/Library/Frameworks/QuartzCore.framework; sourceTree = SDKROOT; };
		92E635851909F10E00DDA6FC /* Security.framework */ = {isa = PBXFileReference; lastKnownFileType = wrapper.framework; name = Security.framework; path = System/Library/Frameworks/Security.framework; sourceTree = SDKROOT; };
		92E635861909F10E00DDA6FC /* StoreKit.framework */ = {isa = PBXFileReference; lastKnownFileType = wrapper.framework; name = StoreKit.framework; path = System/Library/Frameworks/StoreKit.framework; sourceTree = SDKROOT; };
		92E635871909F10E00DDA6FC /* SystemConfiguration.framework */ = {isa = PBXFileReference; lastKnownFileType = wrapper.framework; name = SystemConfiguration.framework; path = System/Library/Frameworks/SystemConfiguration.framework; sourceTree = SDKROOT; };
		92E635931909F41B00DDA6FC /* libz.1.1.3.dylib */ = {isa = PBXFileReference; lastKnownFileType = "compiled.mach-o.dylib"; name = libz.1.1.3.dylib; path = usr/lib/libz.1.1.3.dylib; sourceTree = SDKROOT; };
		92E635971909F67200DDA6FC /* Parse.framework */ = {isa = PBXFileReference; lastKnownFileType = wrapper.framework; path = Parse.framework; sourceTree = "<group>"; };
		92E63599190C903400DDA6FC /* LoginViewController.h */ = {isa = PBXFileReference; fileEncoding = 4; lastKnownFileType = sourcecode.c.h; path = LoginViewController.h; sourceTree = "<group>"; };
		92E6359A190C903400DDA6FC /* LoginViewController.m */ = {isa = PBXFileReference; fileEncoding = 4; lastKnownFileType = sourcecode.c.objc; path = LoginViewController.m; sourceTree = "<group>"; };
		92E6359C190C908000DDA6FC /* SignUpViewController.h */ = {isa = PBXFileReference; fileEncoding = 4; lastKnownFileType = sourcecode.c.h; path = SignUpViewController.h; sourceTree = "<group>"; };
		92E6359D190C908000DDA6FC /* SignUpViewController.m */ = {isa = PBXFileReference; fileEncoding = 4; lastKnownFileType = sourcecode.c.objc; path = SignUpViewController.m; sourceTree = "<group>"; };
/* End PBXFileReference section */

/* Begin PBXFrameworksBuildPhase section */
		92E635431905C53A00DDA6FC /* Frameworks */ = {
			isa = PBXFrameworksBuildPhase;
			buildActionMask = 2147483647;
			files = (
				92E635941909F41B00DDA6FC /* libz.1.1.3.dylib in Frameworks */,
				92E635881909F10E00DDA6FC /* AudioToolbox.framework in Frameworks */,
				92E635891909F10E00DDA6FC /* CFNetwork.framework in Frameworks */,
				92E6358A1909F10E00DDA6FC /* CoreLocation.framework in Frameworks */,
				92E6358C1909F10E00DDA6FC /* MobileCoreServices.framework in Frameworks */,
				92E6358D1909F10E00DDA6FC /* QuartzCore.framework in Frameworks */,
				92E635981909F67200DDA6FC /* Parse.framework in Frameworks */,
				92E6358E1909F10E00DDA6FC /* Security.framework in Frameworks */,
				92E6358F1909F10E00DDA6FC /* StoreKit.framework in Frameworks */,
				92E635901909F10E00DDA6FC /* SystemConfiguration.framework in Frameworks */,
				92E6354C1905C53A00DDA6FC /* CoreGraphics.framework in Frameworks */,
				92E6354E1905C53A00DDA6FC /* UIKit.framework in Frameworks */,
				92E6354A1905C53A00DDA6FC /* Foundation.framework in Frameworks */,
			);
			runOnlyForDeploymentPostprocessing = 0;
		};
		92E6355E1905C53A00DDA6FC /* Frameworks */ = {
			isa = PBXFrameworksBuildPhase;
			buildActionMask = 2147483647;
			files = (
				92E635631905C53A00DDA6FC /* XCTest.framework in Frameworks */,
				92E635651905C53A00DDA6FC /* UIKit.framework in Frameworks */,
				92E635641905C53A00DDA6FC /* Foundation.framework in Frameworks */,
			);
			runOnlyForDeploymentPostprocessing = 0;
		};
/* End PBXFrameworksBuildPhase section */

/* Begin PBXGroup section */
		92E6353D1905C53A00DDA6FC = {
			isa = PBXGroup;
			children = (
				92E6354F1905C53A00DDA6FC /* HappyNotes */,
				92E635681905C53A00DDA6FC /* HappyNotesTests */,
				92E635481905C53A00DDA6FC /* Frameworks */,
				92E635471905C53A00DDA6FC /* Products */,
			);
			sourceTree = "<group>";
		};
		92E635471905C53A00DDA6FC /* Products */ = {
			isa = PBXGroup;
			children = (
				92E635461905C53A00DDA6FC /* HappyNotes.app */,
				92E635611905C53A00DDA6FC /* HappyNotesTests.xctest */,
			);
			name = Products;
			sourceTree = "<group>";
		};
		92E635481905C53A00DDA6FC /* Frameworks */ = {
			isa = PBXGroup;
			children = (
				92E635971909F67200DDA6FC /* Parse.framework */,
				92E635931909F41B00DDA6FC /* libz.1.1.3.dylib */,
				92E6357F1909F10E00DDA6FC /* AudioToolbox.framework */,
				92E635801909F10E00DDA6FC /* CFNetwork.framework */,
				92E635811909F10E00DDA6FC /* CoreLocation.framework */,
				92E635831909F10E00DDA6FC /* MobileCoreServices.framework */,
				92E635841909F10E00DDA6FC /* QuartzCore.framework */,
				92E635851909F10E00DDA6FC /* Security.framework */,
				92E635861909F10E00DDA6FC /* StoreKit.framework */,
				92E635871909F10E00DDA6FC /* SystemConfiguration.framework */,
				92E635491905C53A00DDA6FC /* Foundation.framework */,
				92E6354B1905C53A00DDA6FC /* CoreGraphics.framework */,
				92E6354D1905C53A00DDA6FC /* UIKit.framework */,
				92E635621905C53A00DDA6FC /* XCTest.framework */,
			);
			name = Frameworks;
			sourceTree = "<group>";
		};
		92E6354F1905C53A00DDA6FC /* HappyNotes */ = {
			isa = PBXGroup;
			children = (
				92E635581905C53A00DDA6FC /* RSAppDelegate.h */,
				92E635781905D0AA00DDA6FC /* MainStoryboard.storyboard */,
				92347EFB1910098D00047060 /* RecepientsViewController.h */,
				92347EFC1910098D00047060 /* RecepientsViewController.m */,
				922E1708190D7C2E0010CF1E /* EditFriendsViewController.h */,
				922E1709190D7C2E0010CF1E /* EditFriendsViewController.m */,
				922E170B190D8B100010CF1E /* FriendsViewController.h */,
				922E170C190D8B100010CF1E /* FriendsViewController.m */,
				922E170E190EC37B0010CF1E /* NotesViewController.h */,
				922E170F190EC37B0010CF1E /* NotesViewController.m */,
				92E6357A1909EA2C00DDA6FC /* InboxViewController.h */,
				92E6357B1909EA2C00DDA6FC /* InboxViewController.m */,
				92E63599190C903400DDA6FC /* LoginViewController.h */,
				92E6359A190C903400DDA6FC /* LoginViewController.m */,
				92E6359C190C908000DDA6FC /* SignUpViewController.h */,
				92E6359D190C908000DDA6FC /* SignUpViewController.m */,
				92E635591905C53A00DDA6FC /* RSAppDelegate.m */,
				92E6355B1905C53A00DDA6FC /* Images.xcassets */,
				92E635501905C53A00DDA6FC /* Supporting Files */,
			);
			path = HappyNotes;
			sourceTree = "<group>";
		};
		92E635501905C53A00DDA6FC /* Supporting Files */ = {
			isa = PBXGroup;
			children = (
				92E635511905C53A00DDA6FC /* HappyNotes-Info.plist */,
				92E635521905C53A00DDA6FC /* InfoPlist.strings */,
				92E635551905C53A00DDA6FC /* main.m */,
				92E635571905C53A00DDA6FC /* HappyNotes-Prefix.pch */,
			);
			name = "Supporting Files";
			sourceTree = "<group>";
		};
		92E635681905C53A00DDA6FC /* HappyNotesTests */ = {
			isa = PBXGroup;
			children = (
				92E6356E1905C53A00DDA6FC /* HappyNotesTests.m */,
				92E635691905C53A00DDA6FC /* Supporting Files */,
			);
			path = HappyNotesTests;
			sourceTree = "<group>";
		};
		92E635691905C53A00DDA6FC /* Supporting Files */ = {
			isa = PBXGroup;
			children = (
				92E6356A1905C53A00DDA6FC /* HappyNotesTests-Info.plist */,
				92E6356B1905C53A00DDA6FC /* InfoPlist.strings */,
			);
			name = "Supporting Files";
			sourceTree = "<group>";
		};
/* End PBXGroup section */

/* Begin PBXNativeTarget section */
		92E635451905C53A00DDA6FC /* HappyNotes */ = {
			isa = PBXNativeTarget;
			buildConfigurationList = 92E635721905C53A00DDA6FC /* Build configuration list for PBXNativeTarget "HappyNotes" */;
			buildPhases = (
				92E635421905C53A00DDA6FC /* Sources */,
				92E635431905C53A00DDA6FC /* Frameworks */,
				92E635441905C53A00DDA6FC /* Resources */,
			);
			buildRules = (
			);
			dependencies = (
			);
			name = HappyNotes;
			productName = HappyNotes;
			productReference = 92E635461905C53A00DDA6FC /* HappyNotes.app */;
			productType = "com.apple.product-type.application";
		};
		92E635601905C53A00DDA6FC /* HappyNotesTests */ = {
			isa = PBXNativeTarget;
			buildConfigurationList = 92E635751905C53A00DDA6FC /* Build configuration list for PBXNativeTarget "HappyNotesTests" */;
			buildPhases = (
				92E6355D1905C53A00DDA6FC /* Sources */,
				92E6355E1905C53A00DDA6FC /* Frameworks */,
				92E6355F1905C53A00DDA6FC /* Resources */,
			);
			buildRules = (
			);
			dependencies = (
				92E635671905C53A00DDA6FC /* PBXTargetDependency */,
			);
			name = HappyNotesTests;
			productName = HappyNotesTests;
			productReference = 92E635611905C53A00DDA6FC /* HappyNotesTests.xctest */;
			productType = "com.apple.product-type.bundle.unit-test";
		};
/* End PBXNativeTarget section */

/* Begin PBXProject section */
		92E6353E1905C53A00DDA6FC /* Project object */ = {
			isa = PBXProject;
			attributes = {
				CLASSPREFIX = RS;
				LastUpgradeCheck = 0510;
				ORGANIZATIONNAME = sickles.ryan;
				TargetAttributes = {
					92E635601905C53A00DDA6FC = {
						TestTargetID = 92E635451905C53A00DDA6FC;
					};
				};
			};
			buildConfigurationList = 92E635411905C53A00DDA6FC /* Build configuration list for PBXProject "HappyNotes" */;
			compatibilityVersion = "Xcode 3.2";
			developmentRegion = English;
			hasScannedForEncodings = 0;
			knownRegions = (
				en,
			);
			mainGroup = 92E6353D1905C53A00DDA6FC;
			productRefGroup = 92E635471905C53A00DDA6FC /* Products */;
			projectDirPath = "";
			projectRoot = "";
			targets = (
				92E635451905C53A00DDA6FC /* HappyNotes */,
				92E635601905C53A00DDA6FC /* HappyNotesTests */,
			);
		};
/* End PBXProject section */

/* Begin PBXResourcesBuildPhase section */
		92E635441905C53A00DDA6FC /* Resources */ = {
			isa = PBXResourcesBuildPhase;
			buildActionMask = 2147483647;
			files = (
				92E635791905D0AA00DDA6FC /* MainStoryboard.storyboard in Resources */,
				92E635541905C53A00DDA6FC /* InfoPlist.strings in Resources */,
				92E6355C1905C53A00DDA6FC /* Images.xcassets in Resources */,
			);
			runOnlyForDeploymentPostprocessing = 0;
		};
		92E6355F1905C53A00DDA6FC /* Resources */ = {
			isa = PBXResourcesBuildPhase;
			buildActionMask = 2147483647;
			files = (
				92E6356D1905C53A00DDA6FC /* InfoPlist.strings in Resources */,
			);
			runOnlyForDeploymentPostprocessing = 0;
		};
/* End PBXResourcesBuildPhase section */

/* Begin PBXSourcesBuildPhase section */
		92E635421905C53A00DDA6FC /* Sources */ = {
			isa = PBXSourcesBuildPhase;
			buildActionMask = 2147483647;
			files = (
				922E1710190EC37B0010CF1E /* NotesViewController.m in Sources */,
				92347EFD1910098D00047060 /* RecepientsViewController.m in Sources */,
				92E6359B190C903400DDA6FC /* LoginViewController.m in Sources */,
				92E6359E190C908000DDA6FC /* SignUpViewController.m in Sources */,
				922E170D190D8B100010CF1E /* FriendsViewController.m in Sources */,
				92E635561905C53A00DDA6FC /* main.m in Sources */,
				92E6355A1905C53A00DDA6FC /* RSAppDelegate.m in Sources */,
				922E170A190D7C2E0010CF1E /* EditFriendsViewController.m in Sources */,
				92E6357C1909EA2C00DDA6FC /* InboxViewController.m in Sources */,
			);
			runOnlyForDeploymentPostprocessing = 0;
		};
		92E6355D1905C53A00DDA6FC /* Sources */ = {
			isa = PBXSourcesBuildPhase;
			buildActionMask = 2147483647;
			files = (
				92E6356F1905C53A00DDA6FC /* HappyNotesTests.m in Sources */,
			);
			runOnlyForDeploymentPostprocessing = 0;
		};
/* End PBXSourcesBuildPhase section */

/* Begin PBXTargetDependency section */
		92E635671905C53A00DDA6FC /* PBXTargetDependency */ = {
			isa = PBXTargetDependency;
			target = 92E635451905C53A00DDA6FC /* HappyNotes */;
			targetProxy = 92E635661905C53A00DDA6FC /* PBXContainerItemProxy */;
		};
/* End PBXTargetDependency section */

/* Begin PBXVariantGroup section */
		92E635521905C53A00DDA6FC /* InfoPlist.strings */ = {
			isa = PBXVariantGroup;
			children = (
				92E635531905C53A00DDA6FC /* en */,
			);
			name = InfoPlist.strings;
			sourceTree = "<group>";
		};
		92E6356B1905C53A00DDA6FC /* InfoPlist.strings */ = {
			isa = PBXVariantGroup;
			children = (
				92E6356C1905C53A00DDA6FC /* en */,
			);
			name = InfoPlist.strings;
			sourceTree = "<group>";
		};
/* End PBXVariantGroup section */

/* Begin XCBuildConfiguration section */
		92E635701905C53A00DDA6FC /* Debug */ = {
			isa = XCBuildConfiguration;
			buildSettings = {
				ALWAYS_SEARCH_USER_PATHS = NO;
				CLANG_CXX_LANGUAGE_STANDARD = "gnu++0x";
				CLANG_CXX_LIBRARY = "libc++";
				CLANG_ENABLE_MODULES = YES;
				CLANG_ENABLE_OBJC_ARC = YES;
				CLANG_WARN_BOOL_CONVERSION = YES;
				CLANG_WARN_CONSTANT_CONVERSION = YES;
				CLANG_WARN_DIRECT_OBJC_ISA_USAGE = YES_ERROR;
				CLANG_WARN_EMPTY_BODY = YES;
				CLANG_WARN_ENUM_CONVERSION = YES;
				CLANG_WARN_INT_CONVERSION = YES;
				CLANG_WARN_OBJC_ROOT_CLASS = YES_ERROR;
				CLANG_WARN__DUPLICATE_METHOD_MATCH = YES;
				"CODE_SIGN_IDENTITY[sdk=iphoneos*]" = "iPhone Developer";
				COPY_PHASE_STRIP = NO;
				GCC_C_LANGUAGE_STANDARD = gnu99;
				GCC_DYNAMIC_NO_PIC = NO;
				GCC_OPTIMIZATION_LEVEL = 0;
				GCC_PREPROCESSOR_DEFINITIONS = (
					"DEBUG=1",
					"$(inherited)",
				);
				GCC_SYMBOLS_PRIVATE_EXTERN = NO;
				GCC_WARN_64_TO_32_BIT_CONVERSION = YES;
				GCC_WARN_ABOUT_RETURN_TYPE = YES_ERROR;
				GCC_WARN_UNDECLARED_SELECTOR = YES;
				GCC_WARN_UNINITIALIZED_AUTOS = YES_AGGRESSIVE;
				GCC_WARN_UNUSED_FUNCTION = YES;
				GCC_WARN_UNUSED_VARIABLE = YES;
				IPHONEOS_DEPLOYMENT_TARGET = 7.1;
				ONLY_ACTIVE_ARCH = YES;
				SDKROOT = iphoneos;
			};
			name = Debug;
		};
		92E635711905C53A00DDA6FC /* Release */ = {
			isa = XCBuildConfiguration;
			buildSettings = {
				ALWAYS_SEARCH_USER_PATHS = NO;
				CLANG_CXX_LANGUAGE_STANDARD = "gnu++0x";
				CLANG_CXX_LIBRARY = "libc++";
				CLANG_ENABLE_MODULES = YES;
				CLANG_ENABLE_OBJC_ARC = YES;
				CLANG_WARN_BOOL_CONVERSION = YES;
				CLANG_WARN_CONSTANT_CONVERSION = YES;
				CLANG_WARN_DIRECT_OBJC_ISA_USAGE = YES_ERROR;
				CLANG_WARN_EMPTY_BODY = YES;
				CLANG_WARN_ENUM_CONVERSION = YES;
				CLANG_WARN_INT_CONVERSION = YES;
				CLANG_WARN_OBJC_ROOT_CLASS = YES_ERROR;
				CLANG_WARN__DUPLICATE_METHOD_MATCH = YES;
				"CODE_SIGN_IDENTITY[sdk=iphoneos*]" = "iPhone Developer";
				COPY_PHASE_STRIP = YES;
				ENABLE_NS_ASSERTIONS = NO;
				GCC_C_LANGUAGE_STANDARD = gnu99;
				GCC_WARN_64_TO_32_BIT_CONVERSION = YES;
				GCC_WARN_ABOUT_RETURN_TYPE = YES_ERROR;
				GCC_WARN_UNDECLARED_SELECTOR = YES;
				GCC_WARN_UNINITIALIZED_AUTOS = YES_AGGRESSIVE;
				GCC_WARN_UNUSED_FUNCTION = YES;
				GCC_WARN_UNUSED_VARIABLE = YES;
				IPHONEOS_DEPLOYMENT_TARGET = 7.1;
				SDKROOT = iphoneos;
				VALIDATE_PRODUCT = YES;
			};
			name = Release;
		};
		92E635731905C53A00DDA6FC /* Debug */ = {
			isa = XCBuildConfiguration;
			buildSettings = {
				ASSETCATALOG_COMPILER_APPICON_NAME = AppIcon;
				ASSETCATALOG_COMPILER_LAUNCHIMAGE_NAME = LaunchImage;
				FRAMEWORK_SEARCH_PATHS = (
					"$(inherited)",
					/Users/Hova/Downloads,
					"$(PROJECT_DIR)",
				);
				GCC_PRECOMPILE_PREFIX_HEADER = YES;
				GCC_PREFIX_HEADER = "HappyNotes/HappyNotes-Prefix.pch";
				INFOPLIST_FILE = "HappyNotes/HappyNotes-Info.plist";
				PRODUCT_NAME = "$(TARGET_NAME)";
				WRAPPER_EXTENSION = app;
			};
			name = Debug;
		};
		92E635741905C53A00DDA6FC /* Release */ = {
			isa = XCBuildConfiguration;
			buildSettings = {
				ASSETCATALOG_COMPILER_APPICON_NAME = AppIcon;
				ASSETCATALOG_COMPILER_LAUNCHIMAGE_NAME = LaunchImage;
				FRAMEWORK_SEARCH_PATHS = (
					"$(inherited)",
					/Users/Hova/Downloads,
					"$(PROJECT_DIR)",
				);
				GCC_PRECOMPILE_PREFIX_HEADER = YES;
				GCC_PREFIX_HEADER = "HappyNotes/HappyNotes-Prefix.pch";
				INFOPLIST_FILE = "HappyNotes/HappyNotes-Info.plist";
				PRODUCT_NAME = "$(TARGET_NAME)";
				WRAPPER_EXTENSION = app;
			};
			name = Release;
		};
		92E635761905C53A00DDA6FC /* Debug */ = {
			isa = XCBuildConfiguration;
			buildSettings = {
				BUNDLE_LOADER = "$(BUILT_PRODUCTS_DIR)/HappyNotes.app/HappyNotes";
				FRAMEWORK_SEARCH_PATHS = (
					"$(SDKROOT)/Developer/Library/Frameworks",
					"$(inherited)",
					"$(DEVELOPER_FRAMEWORKS_DIR)",
				);
				GCC_PRECOMPILE_PREFIX_HEADER = YES;
				GCC_PREFIX_HEADER = "HappyNotes/HappyNotes-Prefix.pch";
				GCC_PREPROCESSOR_DEFINITIONS = (
					"DEBUG=1",
					"$(inherited)",
				);
				INFOPLIST_FILE = "HappyNotesTests/HappyNotesTests-Info.plist";
				PRODUCT_NAME = "$(TARGET_NAME)";
				TEST_HOST = "$(BUNDLE_LOADER)";
				WRAPPER_EXTENSION = xctest;
			};
			name = Debug;
		};
		92E635771905C53A00DDA6FC /* Release */ = {
			isa = XCBuildConfiguration;
			buildSettings = {
				BUNDLE_LOADER = "$(BUILT_PRODUCTS_DIR)/HappyNotes.app/HappyNotes";
				FRAMEWORK_SEARCH_PATHS = (
					"$(SDKROOT)/Developer/Library/Frameworks",
					"$(inherited)",
					"$(DEVELOPER_FRAMEWORKS_DIR)",
				);
				GCC_PRECOMPILE_PREFIX_HEADER = YES;
				GCC_PREFIX_HEADER = "HappyNotes/HappyNotes-Prefix.pch";
				INFOPLIST_FILE = "HappyNotesTests/HappyNotesTests-Info.plist";
				PRODUCT_NAME = "$(TARGET_NAME)";
				TEST_HOST = "$(BUNDLE_LOADER)";
				WRAPPER_EXTENSION = xctest;
			};
			name = Release;
		};
/* End XCBuildConfiguration section */

/* Begin XCConfigurationList section */
		92E635411905C53A00DDA6FC /* Build configuration list for PBXProject "HappyNotes" */ = {
			isa = XCConfigurationList;
			buildConfigurations = (
				92E635701905C53A00DDA6FC /* Debug */,
				92E635711905C53A00DDA6FC /* Release */,
			);
			defaultConfigurationIsVisible = 0;
			defaultConfigurationName = Release;
		};
		92E635721905C53A00DDA6FC /* Build configuration list for PBXNativeTarget "HappyNotes" */ = {
			isa = XCConfigurationList;
			buildConfigurations = (
				92E635731905C53A00DDA6FC /* Debug */,
				92E635741905C53A00DDA6FC /* Release */,
			);
			defaultConfigurationIsVisible = 0;
			defaultConfigurationName = Release;
		};
		92E635751905C53A00DDA6FC /* Build configuration list for PBXNativeTarget "HappyNotesTests" */ = {
			isa = XCConfigurationList;
			buildConfigurations = (
				92E635761905C53A00DDA6FC /* Debug */,
				92E635771905C53A00DDA6FC /* Release */,
			);
			defaultConfigurationIsVisible = 0;
			defaultConfigurationName = Release;
		};
/* End XCConfigurationList section */
	};
	rootObject = 92E6353E1905C53A00DDA6FC /* Project object */;
}
